// !$*UTF8*$!
{
	archiveVersion = 1;
	classes = {
	};
	objectVersion = 50;
	objects = {

/* Begin PBXBuildFile section */
		2218CBD4250D50B900F4E7CE /* AnimalDetailView.swift in Sources */ = {isa = PBXBuildFile; fileRef = 2218CBD3250D50B900F4E7CE /* AnimalDetailView.swift */; };
		2218CBDC250D6C5800F4E7CE /* iOSDevCenters+GIF.swift in Sources */ = {isa = PBXBuildFile; fileRef = 2218CBDB250D6C5800F4E7CE /* iOSDevCenters+GIF.swift */; };
		221B1B222507FC2000FA6975 /* AppDelegate.swift in Sources */ = {isa = PBXBuildFile; fileRef = 221B1B212507FC2000FA6975 /* AppDelegate.swift */; };
		221B1B242507FC2000FA6975 /* SceneDelegate.swift in Sources */ = {isa = PBXBuildFile; fileRef = 221B1B232507FC2000FA6975 /* SceneDelegate.swift */; };
		221B1B262507FC2000FA6975 /* ContentView.swift in Sources */ = {isa = PBXBuildFile; fileRef = 221B1B252507FC2000FA6975 /* ContentView.swift */; };
		221B1B282507FC2100FA6975 /* Assets.xcassets in Resources */ = {isa = PBXBuildFile; fileRef = 221B1B272507FC2100FA6975 /* Assets.xcassets */; };
		221B1B2B2507FC2100FA6975 /* Preview Assets.xcassets in Resources */ = {isa = PBXBuildFile; fileRef = 221B1B2A2507FC2100FA6975 /* Preview Assets.xcassets */; };
		221B1B2E2507FC2100FA6975 /* LaunchScreen.storyboard in Resources */ = {isa = PBXBuildFile; fileRef = 221B1B2C2507FC2100FA6975 /* LaunchScreen.storyboard */; };
		221B1B392507FC2100FA6975 /* AminalsTests.swift in Sources */ = {isa = PBXBuildFile; fileRef = 221B1B382507FC2100FA6975 /* AminalsTests.swift */; };
		221B1B442507FC2100FA6975 /* AminalsUITests.swift in Sources */ = {isa = PBXBuildFile; fileRef = 221B1B432507FC2100FA6975 /* AminalsUITests.swift */; };
		221B1B522507FD5600FA6975 /* AnimalListRow.swift in Sources */ = {isa = PBXBuildFile; fileRef = 221B1B512507FD5600FA6975 /* AnimalListRow.swift */; };
		221B1B542507FE6500FA6975 /* Animal.swift in Sources */ = {isa = PBXBuildFile; fileRef = 221B1B532507FE6500FA6975 /* Animal.swift */; };
		221B1B56250810AB00FA6975 /* TestJson.json in Resources */ = {isa = PBXBuildFile; fileRef = 221B1B55250810AB00FA6975 /* TestJson.json */; };
		221B1B582508194B00FA6975 /* Constants.swift in Sources */ = {isa = PBXBuildFile; fileRef = 221B1B572508194B00FA6975 /* Constants.swift */; };
		221B1B5A25082CBE00FA6975 /* AnimalData.swift in Sources */ = {isa = PBXBuildFile; fileRef = 221B1B5925082CBE00FA6975 /* AnimalData.swift */; };
		221B1B5C25082D3E00FA6975 /* ImageData.swift in Sources */ = {isa = PBXBuildFile; fileRef = 221B1B5B25082D3E00FA6975 /* ImageData.swift */; };
		2254312B250E45F40028BA41 /* AnimalImageView.swift in Sources */ = {isa = PBXBuildFile; fileRef = 2254312A250E45F40028BA41 /* AnimalImageView.swift */; };
		2254312D250E4CB60028BA41 /* ActivityView.swift in Sources */ = {isa = PBXBuildFile; fileRef = 2254312C250E4CB60028BA41 /* ActivityView.swift */; };
		22582988253E2B2C001538DE /* ListRow.swift in Sources */ = {isa = PBXBuildFile; fileRef = 22582987253E2B2C001538DE /* ListRow.swift */; };
		229585F3250838640032D9E1 /* AnimalResponseData.swift in Sources */ = {isa = PBXBuildFile; fileRef = 229585F2250838640032D9E1 /* AnimalResponseData.swift */; };
		229585F725083E1C0032D9E1 /* LinkData.swift in Sources */ = {isa = PBXBuildFile; fileRef = 229585F625083E1C0032D9E1 /* LinkData.swift */; };
/* End PBXBuildFile section */

/* Begin PBXContainerItemProxy section */
		221B1B352507FC2100FA6975 /* PBXContainerItemProxy */ = {
			isa = PBXContainerItemProxy;
			containerPortal = 221B1B162507FC2000FA6975 /* Project object */;
			proxyType = 1;
			remoteGlobalIDString = 221B1B1D2507FC2000FA6975;
			remoteInfo = Aminals;
		};
		221B1B402507FC2100FA6975 /* PBXContainerItemProxy */ = {
			isa = PBXContainerItemProxy;
			containerPortal = 221B1B162507FC2000FA6975 /* Project object */;
			proxyType = 1;
			remoteGlobalIDString = 221B1B1D2507FC2000FA6975;
			remoteInfo = Aminals;
		};
/* End PBXContainerItemProxy section */

/* Begin PBXFileReference section */
		2218CBD3250D50B900F4E7CE /* AnimalDetailView.swift */ = {isa = PBXFileReference; lastKnownFileType = sourcecode.swift; path = AnimalDetailView.swift; sourceTree = "<group>"; };
		2218CBDB250D6C5800F4E7CE /* iOSDevCenters+GIF.swift */ = {isa = PBXFileReference; fileEncoding = 4; lastKnownFileType = sourcecode.swift; path = "iOSDevCenters+GIF.swift"; sourceTree = "<group>"; };
		221B1B1E2507FC2000FA6975 /* Aminals.app */ = {isa = PBXFileReference; explicitFileType = wrapper.application; includeInIndex = 0; path = Aminals.app; sourceTree = BUILT_PRODUCTS_DIR; };
		221B1B212507FC2000FA6975 /* AppDelegate.swift */ = {isa = PBXFileReference; lastKnownFileType = sourcecode.swift; path = AppDelegate.swift; sourceTree = "<group>"; };
		221B1B232507FC2000FA6975 /* SceneDelegate.swift */ = {isa = PBXFileReference; lastKnownFileType = sourcecode.swift; path = SceneDelegate.swift; sourceTree = "<group>"; };
		221B1B252507FC2000FA6975 /* ContentView.swift */ = {isa = PBXFileReference; lastKnownFileType = sourcecode.swift; path = ContentView.swift; sourceTree = "<group>"; };
		221B1B272507FC2100FA6975 /* Assets.xcassets */ = {isa = PBXFileReference; lastKnownFileType = folder.assetcatalog; path = Assets.xcassets; sourceTree = "<group>"; };
		221B1B2A2507FC2100FA6975 /* Preview Assets.xcassets */ = {isa = PBXFileReference; lastKnownFileType = folder.assetcatalog; path = "Preview Assets.xcassets"; sourceTree = "<group>"; };
		221B1B2D2507FC2100FA6975 /* Base */ = {isa = PBXFileReference; lastKnownFileType = file.storyboard; name = Base; path = Base.lproj/LaunchScreen.storyboard; sourceTree = "<group>"; };
		221B1B2F2507FC2100FA6975 /* Info.plist */ = {isa = PBXFileReference; lastKnownFileType = text.plist.xml; path = Info.plist; sourceTree = "<group>"; };
		221B1B342507FC2100FA6975 /* AminalsTests.xctest */ = {isa = PBXFileReference; explicitFileType = wrapper.cfbundle; includeInIndex = 0; path = AminalsTests.xctest; sourceTree = BUILT_PRODUCTS_DIR; };
		221B1B382507FC2100FA6975 /* AminalsTests.swift */ = {isa = PBXFileReference; lastKnownFileType = sourcecode.swift; path = AminalsTests.swift; sourceTree = "<group>"; };
		221B1B3A2507FC2100FA6975 /* Info.plist */ = {isa = PBXFileReference; lastKnownFileType = text.plist.xml; path = Info.plist; sourceTree = "<group>"; };
		221B1B3F2507FC2100FA6975 /* AminalsUITests.xctest */ = {isa = PBXFileReference; explicitFileType = wrapper.cfbundle; includeInIndex = 0; path = AminalsUITests.xctest; sourceTree = BUILT_PRODUCTS_DIR; };
		221B1B432507FC2100FA6975 /* AminalsUITests.swift */ = {isa = PBXFileReference; lastKnownFileType = sourcecode.swift; path = AminalsUITests.swift; sourceTree = "<group>"; };
		221B1B452507FC2100FA6975 /* Info.plist */ = {isa = PBXFileReference; lastKnownFileType = text.plist.xml; path = Info.plist; sourceTree = "<group>"; };
		221B1B512507FD5600FA6975 /* AnimalListRow.swift */ = {isa = PBXFileReference; lastKnownFileType = sourcecode.swift; path = AnimalListRow.swift; sourceTree = "<group>"; };
		221B1B532507FE6500FA6975 /* Animal.swift */ = {isa = PBXFileReference; lastKnownFileType = sourcecode.swift; path = Animal.swift; sourceTree = "<group>"; };
		221B1B55250810AB00FA6975 /* TestJson.json */ = {isa = PBXFileReference; lastKnownFileType = text.json; path = TestJson.json; sourceTree = "<group>"; };
		221B1B572508194B00FA6975 /* Constants.swift */ = {isa = PBXFileReference; lastKnownFileType = sourcecode.swift; path = Constants.swift; sourceTree = "<group>"; };
		221B1B5925082CBE00FA6975 /* AnimalData.swift */ = {isa = PBXFileReference; lastKnownFileType = sourcecode.swift; path = AnimalData.swift; sourceTree = "<group>"; };
		221B1B5B25082D3E00FA6975 /* ImageData.swift */ = {isa = PBXFileReference; lastKnownFileType = sourcecode.swift; path = ImageData.swift; sourceTree = "<group>"; };
		2254312A250E45F40028BA41 /* AnimalImageView.swift */ = {isa = PBXFileReference; lastKnownFileType = sourcecode.swift; path = AnimalImageView.swift; sourceTree = "<group>"; };
		2254312C250E4CB60028BA41 /* ActivityView.swift */ = {isa = PBXFileReference; lastKnownFileType = sourcecode.swift; path = ActivityView.swift; sourceTree = "<group>"; };
		22582987253E2B2C001538DE /* ListRow.swift */ = {isa = PBXFileReference; lastKnownFileType = sourcecode.swift; path = ListRow.swift; sourceTree = "<group>"; };
		229585F2250838640032D9E1 /* AnimalResponseData.swift */ = {isa = PBXFileReference; lastKnownFileType = sourcecode.swift; path = AnimalResponseData.swift; sourceTree = "<group>"; };
		229585F625083E1C0032D9E1 /* LinkData.swift */ = {isa = PBXFileReference; lastKnownFileType = sourcecode.swift; path = LinkData.swift; sourceTree = "<group>"; };
/* End PBXFileReference section */

/* Begin PBXFrameworksBuildPhase section */
		221B1B1B2507FC2000FA6975 /* Frameworks */ = {
			isa = PBXFrameworksBuildPhase;
			buildActionMask = 2147483647;
			files = (
			);
			runOnlyForDeploymentPostprocessing = 0;
		};
		221B1B312507FC2100FA6975 /* Frameworks */ = {
			isa = PBXFrameworksBuildPhase;
			buildActionMask = 2147483647;
			files = (
			);
			runOnlyForDeploymentPostprocessing = 0;
		};
		221B1B3C2507FC2100FA6975 /* Frameworks */ = {
			isa = PBXFrameworksBuildPhase;
			buildActionMask = 2147483647;
			files = (
			);
			runOnlyForDeploymentPostprocessing = 0;
		};
/* End PBXFrameworksBuildPhase section */

/* Begin PBXGroup section */
		221B1B152507FC2000FA6975 = {
			isa = PBXGroup;
			children = (
				221B1B202507FC2000FA6975 /* Aminals */,
				221B1B372507FC2100FA6975 /* AminalsTests */,
				221B1B422507FC2100FA6975 /* AminalsUITests */,
				221B1B1F2507FC2000FA6975 /* Products */,
			);
			sourceTree = "<group>";
		};
		221B1B1F2507FC2000FA6975 /* Products */ = {
			isa = PBXGroup;
			children = (
				221B1B1E2507FC2000FA6975 /* Aminals.app */,
				221B1B342507FC2100FA6975 /* AminalsTests.xctest */,
				221B1B3F2507FC2100FA6975 /* AminalsUITests.xctest */,
			);
			name = Products;
			sourceTree = "<group>";
		};
		221B1B202507FC2000FA6975 /* Aminals */ = {
			isa = PBXGroup;
			children = (
				2258298C253E3CE5001538DE /* Models */,
				2218CBD3250D50B900F4E7CE /* AnimalDetailView.swift */,
				2254312C250E4CB60028BA41 /* ActivityView.swift */,
				2254312A250E45F40028BA41 /* AnimalImageView.swift */,
				221B1B512507FD5600FA6975 /* AnimalListRow.swift */,
				221B1B212507FC2000FA6975 /* AppDelegate.swift */,
				221B1B272507FC2100FA6975 /* Assets.xcassets */,
				221B1B572508194B00FA6975 /* Constants.swift */,
				221B1B252507FC2000FA6975 /* ContentView.swift */,
				22582987253E2B2C001538DE /* ListRow.swift */,
				221B1B2F2507FC2100FA6975 /* Info.plist */,
				2218CBDB250D6C5800F4E7CE /* iOSDevCenters+GIF.swift */,
				221B1B2C2507FC2100FA6975 /* LaunchScreen.storyboard */,
				229585F625083E1C0032D9E1 /* LinkData.swift */,
				221B1B292507FC2100FA6975 /* Preview Content */,
				221B1B232507FC2000FA6975 /* SceneDelegate.swift */,
			);
			path = Aminals;
			sourceTree = "<group>";
		};
		221B1B292507FC2100FA6975 /* Preview Content */ = {
			isa = PBXGroup;
			children = (
				221B1B2A2507FC2100FA6975 /* Preview Assets.xcassets */,
			);
			path = "Preview Content";
			sourceTree = "<group>";
		};
		221B1B372507FC2100FA6975 /* AminalsTests */ = {
			isa = PBXGroup;
			children = (
				221B1B382507FC2100FA6975 /* AminalsTests.swift */,
				221B1B55250810AB00FA6975 /* TestJson.json */,
				221B1B3A2507FC2100FA6975 /* Info.plist */,
			);
			path = AminalsTests;
			sourceTree = "<group>";
		};
		221B1B422507FC2100FA6975 /* AminalsUITests */ = {
			isa = PBXGroup;
			children = (
				221B1B432507FC2100FA6975 /* AminalsUITests.swift */,
				221B1B452507FC2100FA6975 /* Info.plist */,
			);
			path = AminalsUITests;
			sourceTree = "<group>";
		};
		2258298C253E3CE5001538DE /* Models */ = {
			isa = PBXGroup;
			children = (
				221B1B5925082CBE00FA6975 /* AnimalData.swift */,
				221B1B532507FE6500FA6975 /* Animal.swift */,
				221B1B5B25082D3E00FA6975 /* ImageData.swift */,
				229585F2250838640032D9E1 /* AnimalResponseData.swift */,
			);
			path = Models;
			sourceTree = "<group>";
		};
/* End PBXGroup section */

/* Begin PBXNativeTarget section */
		221B1B1D2507FC2000FA6975 /* Aminals */ = {
			isa = PBXNativeTarget;
			buildConfigurationList = 221B1B482507FC2100FA6975 /* Build configuration list for PBXNativeTarget "Aminals" */;
			buildPhases = (
				221B1B1A2507FC2000FA6975 /* Sources */,
				221B1B1B2507FC2000FA6975 /* Frameworks */,
				221B1B1C2507FC2000FA6975 /* Resources */,
			);
			buildRules = (
			);
			dependencies = (
			);
			name = Aminals;
			productName = Aminals;
			productReference = 221B1B1E2507FC2000FA6975 /* Aminals.app */;
			productType = "com.apple.product-type.application";
		};
		221B1B332507FC2100FA6975 /* AminalsTests */ = {
			isa = PBXNativeTarget;
			buildConfigurationList = 221B1B4B2507FC2100FA6975 /* Build configuration list for PBXNativeTarget "AminalsTests" */;
			buildPhases = (
				221B1B302507FC2100FA6975 /* Sources */,
				221B1B312507FC2100FA6975 /* Frameworks */,
				221B1B322507FC2100FA6975 /* Resources */,
			);
			buildRules = (
			);
			dependencies = (
				221B1B362507FC2100FA6975 /* PBXTargetDependency */,
			);
			name = AminalsTests;
			productName = AminalsTests;
			productReference = 221B1B342507FC2100FA6975 /* AminalsTests.xctest */;
			productType = "com.apple.product-type.bundle.unit-test";
		};
		221B1B3E2507FC2100FA6975 /* AminalsUITests */ = {
			isa = PBXNativeTarget;
			buildConfigurationList = 221B1B4E2507FC2100FA6975 /* Build configuration list for PBXNativeTarget "AminalsUITests" */;
			buildPhases = (
				221B1B3B2507FC2100FA6975 /* Sources */,
				221B1B3C2507FC2100FA6975 /* Frameworks */,
				221B1B3D2507FC2100FA6975 /* Resources */,
			);
			buildRules = (
			);
			dependencies = (
				221B1B412507FC2100FA6975 /* PBXTargetDependency */,
			);
			name = AminalsUITests;
			productName = AminalsUITests;
			productReference = 221B1B3F2507FC2100FA6975 /* AminalsUITests.xctest */;
			productType = "com.apple.product-type.bundle.ui-testing";
		};
/* End PBXNativeTarget section */

/* Begin PBXProject section */
		221B1B162507FC2000FA6975 /* Project object */ = {
			isa = PBXProject;
			attributes = {
				LastSwiftUpdateCheck = 1170;
				LastUpgradeCheck = 1200;
				ORGANIZATIONNAME = "David Rynn";
				TargetAttributes = {
					221B1B1D2507FC2000FA6975 = {
						CreatedOnToolsVersion = 11.7;
						LastSwiftMigration = 1170;
					};
					221B1B332507FC2100FA6975 = {
						CreatedOnToolsVersion = 11.7;
						TestTargetID = 221B1B1D2507FC2000FA6975;
					};
					221B1B3E2507FC2100FA6975 = {
						CreatedOnToolsVersion = 11.7;
						TestTargetID = 221B1B1D2507FC2000FA6975;
					};
				};
			};
			buildConfigurationList = 221B1B192507FC2000FA6975 /* Build configuration list for PBXProject "Aminals" */;
			compatibilityVersion = "Xcode 9.3";
			developmentRegion = en;
			hasScannedForEncodings = 0;
			knownRegions = (
				en,
				Base,
			);
			mainGroup = 221B1B152507FC2000FA6975;
			productRefGroup = 221B1B1F2507FC2000FA6975 /* Products */;
			projectDirPath = "";
			projectRoot = "";
			targets = (
				221B1B1D2507FC2000FA6975 /* Aminals */,
				221B1B332507FC2100FA6975 /* AminalsTests */,
				221B1B3E2507FC2100FA6975 /* AminalsUITests */,
			);
		};
/* End PBXProject section */

/* Begin PBXResourcesBuildPhase section */
		221B1B1C2507FC2000FA6975 /* Resources */ = {
			isa = PBXResourcesBuildPhase;
			buildActionMask = 2147483647;
			files = (
				221B1B2E2507FC2100FA6975 /* LaunchScreen.storyboard in Resources */,
				221B1B2B2507FC2100FA6975 /* Preview Assets.xcassets in Resources */,
				221B1B282507FC2100FA6975 /* Assets.xcassets in Resources */,
			);
			runOnlyForDeploymentPostprocessing = 0;
		};
		221B1B322507FC2100FA6975 /* Resources */ = {
			isa = PBXResourcesBuildPhase;
			buildActionMask = 2147483647;
			files = (
				221B1B56250810AB00FA6975 /* TestJson.json in Resources */,
			);
			runOnlyForDeploymentPostprocessing = 0;
		};
		221B1B3D2507FC2100FA6975 /* Resources */ = {
			isa = PBXResourcesBuildPhase;
			buildActionMask = 2147483647;
			files = (
			);
			runOnlyForDeploymentPostprocessing = 0;
		};
/* End PBXResourcesBuildPhase section */

/* Begin PBXSourcesBuildPhase section */
		221B1B1A2507FC2000FA6975 /* Sources */ = {
			isa = PBXSourcesBuildPhase;
			buildActionMask = 2147483647;
			files = (
				2218CBD4250D50B900F4E7CE /* AnimalDetailView.swift in Sources */,
				221B1B522507FD5600FA6975 /* AnimalListRow.swift in Sources */,
				221B1B222507FC2000FA6975 /* AppDelegate.swift in Sources */,
				2218CBDC250D6C5800F4E7CE /* iOSDevCenters+GIF.swift in Sources */,
				221B1B242507FC2000FA6975 /* SceneDelegate.swift in Sources */,
				2254312D250E4CB60028BA41 /* ActivityView.swift in Sources */,
				221B1B262507FC2000FA6975 /* ContentView.swift in Sources */,
				221B1B542507FE6500FA6975 /* Animal.swift in Sources */,
				221B1B5A25082CBE00FA6975 /* AnimalData.swift in Sources */,
				221B1B582508194B00FA6975 /* Constants.swift in Sources */,
				229585F725083E1C0032D9E1 /* LinkData.swift in Sources */,
				2254312B250E45F40028BA41 /* AnimalImageView.swift in Sources */,
				229585F3250838640032D9E1 /* AnimalResponseData.swift in Sources */,
				221B1B5C25082D3E00FA6975 /* ImageData.swift in Sources */,
				22582988253E2B2C001538DE /* ListRow.swift in Sources */,
			);
			runOnlyForDeploymentPostprocessing = 0;
		};
		221B1B302507FC2100FA6975 /* Sources */ = {
			isa = PBXSourcesBuildPhase;
			buildActionMask = 2147483647;
			files = (
				221B1B392507FC2100FA6975 /* AminalsTests.swift in Sources */,
			);
			runOnlyForDeploymentPostprocessing = 0;
		};
		221B1B3B2507FC2100FA6975 /* Sources */ = {
			isa = PBXSourcesBuildPhase;
			buildActionMask = 2147483647;
			files = (
				221B1B442507FC2100FA6975 /* AminalsUITests.swift in Sources */,
			);
			runOnlyForDeploymentPostprocessing = 0;
		};
/* End PBXSourcesBuildPhase section */

/* Begin PBXTargetDependency section */
		221B1B362507FC2100FA6975 /* PBXTargetDependency */ = {
			isa = PBXTargetDependency;
			target = 221B1B1D2507FC2000FA6975 /* Aminals */;
			targetProxy = 221B1B352507FC2100FA6975 /* PBXContainerItemProxy */;
		};
		221B1B412507FC2100FA6975 /* PBXTargetDependency */ = {
			isa = PBXTargetDependency;
			target = 221B1B1D2507FC2000FA6975 /* Aminals */;
			targetProxy = 221B1B402507FC2100FA6975 /* PBXContainerItemProxy */;
		};
/* End PBXTargetDependency section */

/* Begin PBXVariantGroup section */
		221B1B2C2507FC2100FA6975 /* LaunchScreen.storyboard */ = {
			isa = PBXVariantGroup;
			children = (
				221B1B2D2507FC2100FA6975 /* Base */,
			);
			name = LaunchScreen.storyboard;
			sourceTree = "<group>";
		};
/* End PBXVariantGroup section */

/* Begin XCBuildConfiguration section */
		221B1B462507FC2100FA6975 /* Debug */ = {
			isa = XCBuildConfiguration;
			buildSettings = {
				ALWAYS_SEARCH_USER_PATHS = NO;
				CLANG_ANALYZER_NONNULL = YES;
				CLANG_ANALYZER_NUMBER_OBJECT_CONVERSION = YES_AGGRESSIVE;
				CLANG_CXX_LANGUAGE_STANDARD = "gnu++14";
				CLANG_CXX_LIBRARY = "libc++";
				CLANG_ENABLE_MODULES = YES;
				CLANG_ENABLE_OBJC_ARC = YES;
				CLANG_ENABLE_OBJC_WEAK = YES;
				CLANG_WARN_BLOCK_CAPTURE_AUTORELEASING = YES;
				CLANG_WARN_BOOL_CONVERSION = YES;
				CLANG_WARN_COMMA = YES;
				CLANG_WARN_CONSTANT_CONVERSION = YES;
				CLANG_WARN_DEPRECATED_OBJC_IMPLEMENTATIONS = YES;
				CLANG_WARN_DIRECT_OBJC_ISA_USAGE = YES_ERROR;
				CLANG_WARN_DOCUMENTATION_COMMENTS = YES;
				CLANG_WARN_EMPTY_BODY = YES;
				CLANG_WARN_ENUM_CONVERSION = YES;
				CLANG_WARN_INFINITE_RECURSION = YES;
				CLANG_WARN_INT_CONVERSION = YES;
				CLANG_WARN_NON_LITERAL_NULL_CONVERSION = YES;
				CLANG_WARN_OBJC_IMPLICIT_RETAIN_SELF = YES;
				CLANG_WARN_OBJC_LITERAL_CONVERSION = YES;
				CLANG_WARN_OBJC_ROOT_CLASS = YES_ERROR;
				CLANG_WARN_QUOTED_INCLUDE_IN_FRAMEWORK_HEADER = YES;
				CLANG_WARN_RANGE_LOOP_ANALYSIS = YES;
				CLANG_WARN_STRICT_PROTOTYPES = YES;
				CLANG_WARN_SUSPICIOUS_MOVE = YES;
				CLANG_WARN_UNGUARDED_AVAILABILITY = YES_AGGRESSIVE;
				CLANG_WARN_UNREACHABLE_CODE = YES;
				CLANG_WARN__DUPLICATE_METHOD_MATCH = YES;
				COPY_PHASE_STRIP = NO;
				DEBUG_INFORMATION_FORMAT = dwarf;
				ENABLE_STRICT_OBJC_MSGSEND = YES;
				ENABLE_TESTABILITY = YES;
				GCC_C_LANGUAGE_STANDARD = gnu11;
				GCC_DYNAMIC_NO_PIC = NO;
				GCC_NO_COMMON_BLOCKS = YES;
				GCC_OPTIMIZATION_LEVEL = 0;
				GCC_PREPROCESSOR_DEFINITIONS = (
					"DEBUG=1",
					"$(inherited)",
				);
				GCC_WARN_64_TO_32_BIT_CONVERSION = YES;
				GCC_WARN_ABOUT_RETURN_TYPE = YES_ERROR;
				GCC_WARN_UNDECLARED_SELECTOR = YES;
				GCC_WARN_UNINITIALIZED_AUTOS = YES_AGGRESSIVE;
				GCC_WARN_UNUSED_FUNCTION = YES;
				GCC_WARN_UNUSED_VARIABLE = YES;
				IPHONEOS_DEPLOYMENT_TARGET = 13.6;
				MTL_ENABLE_DEBUG_INFO = INCLUDE_SOURCE;
				MTL_FAST_MATH = YES;
				ONLY_ACTIVE_ARCH = YES;
				SDKROOT = iphoneos;
				SWIFT_ACTIVE_COMPILATION_CONDITIONS = DEBUG;
				SWIFT_OPTIMIZATION_LEVEL = "-Onone";
			};
			name = Debug;
		};
		221B1B472507FC2100FA6975 /* Release */ = {
			isa = XCBuildConfiguration;
			buildSettings = {
				ALWAYS_SEARCH_USER_PATHS = NO;
				CLANG_ANALYZER_NONNULL = YES;
				CLANG_ANALYZER_NUMBER_OBJECT_CONVERSION = YES_AGGRESSIVE;
				CLANG_CXX_LANGUAGE_STANDARD = "gnu++14";
				CLANG_CXX_LIBRARY = "libc++";
				CLANG_ENABLE_MODULES = YES;
				CLANG_ENABLE_OBJC_ARC = YES;
				CLANG_ENABLE_OBJC_WEAK = YES;
				CLANG_WARN_BLOCK_CAPTURE_AUTORELEASING = YES;
				CLANG_WARN_BOOL_CONVERSION = YES;
				CLANG_WARN_COMMA = YES;
				CLANG_WARN_CONSTANT_CONVERSION = YES;
				CLANG_WARN_DEPRECATED_OBJC_IMPLEMENTATIONS = YES;
				CLANG_WARN_DIRECT_OBJC_ISA_USAGE = YES_ERROR;
				CLANG_WARN_DOCUMENTATION_COMMENTS = YES;
				CLANG_WARN_EMPTY_BODY = YES;
				CLANG_WARN_ENUM_CONVERSION = YES;
				CLANG_WARN_INFINITE_RECURSION = YES;
				CLANG_WARN_INT_CONVERSION = YES;
				CLANG_WARN_NON_LITERAL_NULL_CONVERSION = YES;
				CLANG_WARN_OBJC_IMPLICIT_RETAIN_SELF = YES;
				CLANG_WARN_OBJC_LITERAL_CONVERSION = YES;
				CLANG_WARN_OBJC_ROOT_CLASS = YES_ERROR;
				CLANG_WARN_QUOTED_INCLUDE_IN_FRAMEWORK_HEADER = YES;
				CLANG_WARN_RANGE_LOOP_ANALYSIS = YES;
				CLANG_WARN_STRICT_PROTOTYPES = YES;
				CLANG_WARN_SUSPICIOUS_MOVE = YES;
				CLANG_WARN_UNGUARDED_AVAILABILITY = YES_AGGRESSIVE;
				CLANG_WARN_UNREACHABLE_CODE = YES;
				CLANG_WARN__DUPLICATE_METHOD_MATCH = YES;
				COPY_PHASE_STRIP = NO;
				DEBUG_INFORMATION_FORMAT = "dwarf-with-dsym";
				ENABLE_NS_ASSERTIONS = NO;
				ENABLE_STRICT_OBJC_MSGSEND = YES;
				GCC_C_LANGUAGE_STANDARD = gnu11;
				GCC_NO_COMMON_BLOCKS = YES;
				GCC_WARN_64_TO_32_BIT_CONVERSION = YES;
				GCC_WARN_ABOUT_RETURN_TYPE = YES_ERROR;
				GCC_WARN_UNDECLARED_SELECTOR = YES;
				GCC_WARN_UNINITIALIZED_AUTOS = YES_AGGRESSIVE;
				GCC_WARN_UNUSED_FUNCTION = YES;
				GCC_WARN_UNUSED_VARIABLE = YES;
				IPHONEOS_DEPLOYMENT_TARGET = 13.6;
				MTL_ENABLE_DEBUG_INFO = NO;
				MTL_FAST_MATH = YES;
				SDKROOT = iphoneos;
				SWIFT_COMPILATION_MODE = wholemodule;
				SWIFT_OPTIMIZATION_LEVEL = "-O";
				VALIDATE_PRODUCT = YES;
			};
			name = Release;
		};
		221B1B492507FC2100FA6975 /* Debug */ = {
			isa = XCBuildConfiguration;
			buildSettings = {
				ASSETCATALOG_COMPILER_APPICON_NAME = AppIcon;
				CLANG_ENABLE_MODULES = YES;
				CODE_SIGN_STYLE = Automatic;
				DEVELOPMENT_ASSET_PATHS = "\"Aminals/Preview Content\"";
				DEVELOPMENT_TEAM = 3KR65ZULS9;
				ENABLE_PREVIEWS = YES;
				INFOPLIST_FILE = Aminals/Info.plist;
				LD_RUNPATH_SEARCH_PATHS = (
					"$(inherited)",
					"@executable_path/Frameworks",
				);
				PRODUCT_BUNDLE_IDENTIFIER = edu.davidrynn.Aminals;
				PRODUCT_NAME = "$(TARGET_NAME)";
				SWIFT_OBJC_BRIDGING_HEADER = "";
				SWIFT_OPTIMIZATION_LEVEL = "-Onone";
				SWIFT_VERSION = 5.0;
				TARGETED_DEVICE_FAMILY = "1,2";
			};
			name = Debug;
		};
		221B1B4A2507FC2100FA6975 /* Release */ = {
			isa = XCBuildConfiguration;
			buildSettings = {
				ASSETCATALOG_COMPILER_APPICON_NAME = AppIcon;
				CLANG_ENABLE_MODULES = YES;
				CODE_SIGN_STYLE = Automatic;
				DEVELOPMENT_ASSET_PATHS = "\"Aminals/Preview Content\"";
				DEVELOPMENT_TEAM = 3KR65ZULS9;
				ENABLE_PREVIEWS = YES;
				INFOPLIST_FILE = Aminals/Info.plist;
				LD_RUNPATH_SEARCH_PATHS = (
					"$(inherited)",
					"@executable_path/Frameworks",
				);
				PRODUCT_BUNDLE_IDENTIFIER = edu.davidrynn.Aminals;
				PRODUCT_NAME = "$(TARGET_NAME)";
				SWIFT_OBJC_BRIDGING_HEADER = "";
				SWIFT_VERSION = 5.0;
				TARGETED_DEVICE_FAMILY = "1,2";
			};
			name = Release;
		};
		221B1B4C2507FC2100FA6975 /* Debug */ = {
			isa = XCBuildConfiguration;
			buildSettings = {
				ALWAYS_EMBED_SWIFT_STANDARD_LIBRARIES = YES;
				BUNDLE_LOADER = "$(TEST_HOST)";
				CODE_SIGN_STYLE = Automatic;
				DEVELOPMENT_TEAM = 3KR65ZULS9;
				INFOPLIST_FILE = AminalsTests/Info.plist;
				IPHONEOS_DEPLOYMENT_TARGET = 13.7;
				LD_RUNPATH_SEARCH_PATHS = (
					"$(inherited)",
					"@executable_path/Frameworks",
					"@loader_path/Frameworks",
				);
				PRODUCT_BUNDLE_IDENTIFIER = edu.davidrynn.AminalsTests;
				PRODUCT_NAME = "$(TARGET_NAME)";
				SWIFT_VERSION = 5.0;
				TARGETED_DEVICE_FAMILY = "1,2";
				TEST_HOST = "$(BUILT_PRODUCTS_DIR)/Aminals.app/Aminals";
			};
			name = Debug;
		};
		221B1B4D2507FC2100FA6975 /* Release */ = {
			isa = XCBuildConfiguration;
			buildSettings = {
				ALWAYS_EMBED_SWIFT_STANDARD_LIBRARIES = YES;
				BUNDLE_LOADER = "$(TEST_HOST)";
				CODE_SIGN_STYLE = Automatic;
				DEVELOPMENT_TEAM = 3KR65ZULS9;
				INFOPLIST_FILE = AminalsTests/Info.plist;
				IPHONEOS_DEPLOYMENT_TARGET = 13.7;
				LD_RUNPATH_SEARCH_PATHS = (
					"$(inherited)",
					"@executable_path/Frameworks",
					"@loader_path/Frameworks",
				);
				PRODUCT_BUNDLE_IDENTIFIER = edu.davidrynn.AminalsTests;
				PRODUCT_NAME = "$(TARGET_NAME)";
				SWIFT_VERSION = 5.0;
				TARGETED_DEVICE_FAMILY = "1,2";
				TEST_HOST = "$(BUILT_PRODUCTS_DIR)/Aminals.app/Aminals";
			};
			name = Release;
		};
		221B1B4F2507FC2100FA6975 /* Debug */ = {
			isa = XCBuildConfiguration;
			buildSettings = {
				ALWAYS_EMBED_SWIFT_STANDARD_LIBRARIES = YES;
				CODE_SIGN_STYLE = Automatic;
				DEVELOPMENT_TEAM = 3KR65ZULS9;
				INFOPLIST_FILE = AminalsUITests/Info.plist;
				LD_RUNPATH_SEARCH_PATHS = (
					"$(inherited)",
					"@executable_path/Frameworks",
					"@loader_path/Frameworks",
				);
				PRODUCT_BUNDLE_IDENTIFIER = edu.davidrynn.AminalsUITests;
				PRODUCT_NAME = "$(TARGET_NAME)";
				SWIFT_VERSION = 5.0;
				TARGETED_DEVICE_FAMILY = "1,2";
				TEST_TARGET_NAME = Aminals;
			};
			name = Debug;
		};
		221B1B502507FC2100FA6975 /* Release */ = {
			isa = XCBuildConfiguration;
			buildSettings = {
				ALWAYS_EMBED_SWIFT_STANDARD_LIBRARIES = YES;
				CODE_SIGN_STYLE = Automatic;
				DEVELOPMENT_TEAM = 3KR65ZULS9;
				INFOPLIST_FILE = AminalsUITests/Info.plist;
				LD_RUNPATH_SEARCH_PATHS = (
					"$(inherited)",
					"@executable_path/Frameworks",
					"@loader_path/Frameworks",
				);
				PRODUCT_BUNDLE_IDENTIFIER = edu.davidrynn.AminalsUITests;
				PRODUCT_NAME = "$(TARGET_NAME)";
				SWIFT_VERSION = 5.0;
				TARGETED_DEVICE_FAMILY = "1,2";
				TEST_TARGET_NAME = Aminals;
			};
			name = Release;
		};
/* End XCBuildConfiguration section */

/* Begin XCConfigurationList section */
		221B1B192507FC2000FA6975 /* Build configuration list for PBXProject "Aminals" */ = {
			isa = XCConfigurationList;
			buildConfigurations = (
				221B1B462507FC2100FA6975 /* Debug */,
				221B1B472507FC2100FA6975 /* Release */,
			);
			defaultConfigurationIsVisible = 0;
			defaultConfigurationName = Release;
		};
		221B1B482507FC2100FA6975 /* Build configuration list for PBXNativeTarget "Aminals" */ = {
			isa = XCConfigurationList;
			buildConfigurations = (
				221B1B492507FC2100FA6975 /* Debug */,
				221B1B4A2507FC2100FA6975 /* Release */,
			);
			defaultConfigurationIsVisible = 0;
			defaultConfigurationName = Release;
		};
		221B1B4B2507FC2100FA6975 /* Build configuration list for PBXNativeTarget "AminalsTests" */ = {
			isa = XCConfigurationList;
			buildConfigurations = (
				221B1B4C2507FC2100FA6975 /* Debug */,
				221B1B4D2507FC2100FA6975 /* Release */,
			);
			defaultConfigurationIsVisible = 0;
			defaultConfigurationName = Release;
		};
		221B1B4E2507FC2100FA6975 /* Build configuration list for PBXNativeTarget "AminalsUITests" */ = {
			isa = XCConfigurationList;
			buildConfigurations = (
				221B1B4F2507FC2100FA6975 /* Debug */,
				221B1B502507FC2100FA6975 /* Release */,
			);
			defaultConfigurationIsVisible = 0;
			defaultConfigurationName = Release;
		};
/* End XCConfigurationList section */
	};
	rootObject = 221B1B162507FC2000FA6975 /* Project object */;
}
